
Microsoft Visual Studio Solution File, Format Version 12.00
# Visual Studio 15
VisualStudioVersion = 15.0.27703.2042
MinimumVisualStudioVersion = 10.0.40219.1
Project("{FAE04EC0-301F-11D3-BF4B-00C04F79EFBC}") = "EquationBalancer", "EquationBalancer\EquationBalancer.csproj", "{BE40B628-2632-4200-AEC8-FCA311861E85}"
EndProject
Global
	GlobalSection(SolutionConfigurationPlatforms) = preSolution
		Debug|Any CPU = Debug|Any CPU
		Release|Any CPU = Release|Any CPU
	EndGlobalSection
	GlobalSection(ProjectConfigurationPlatforms) = postSolution
		{BE40B628-2632-4200-AEC8-FCA311861E85}.Debug|Any CPU.ActiveCfg = Debug|Any CPU
		{BE40B628-2632-4200-AEC8-FCA311861E85}.Debug|Any CPU.Build.0 = Debug|Any CPU
		{BE40B628-2632-4200-AEC8-FCA311861E85}.Release|Any CPU.ActiveCfg = Release|Any CPU
		{BE40B628-2632-4200-AEC8-FCA311861E85}.Release|Any CPU.Build.0 = Release|Any CPU
	EndGlobalSection
	GlobalSection(SolutionProperties) = preSolution
		HideSolutionNode = FALSE
	EndGlobalSection
	GlobalSection(ExtensibilityGlobals) = postSolution
		SolutionGuid = {509E18D7-BC85-4720-BC60-12F57F43CC08}
	EndGlobalSection
EndGlobal
